
Microsoft Visual Studio Solution File, Format Version 12.00
# Visual Studio 15
VisualStudioVersion = 15.0.28307.705
MinimumVisualStudioVersion = 10.0.40219.1
Project("{00D1A9C2-B5F0-4AF3-8072-F6C62B433612}") = "db_source_control", "db_source_control\db_source_control.sqlproj", "{846BF2C9-EDBE-4555-B24B-A9CC32143A83}"
EndProject
Global
	GlobalSection(SolutionConfigurationPlatforms) = preSolution
		Debug|Any CPU = Debug|Any CPU
		Release|Any CPU = Release|Any CPU
	EndGlobalSection
	GlobalSection(ProjectConfigurationPlatforms) = postSolution
		{846BF2C9-EDBE-4555-B24B-A9CC32143A83}.Debug|Any CPU.ActiveCfg = Debug|Any CPU
		{846BF2C9-EDBE-4555-B24B-A9CC32143A83}.Debug|Any CPU.Build.0 = Debug|Any CPU
		{846BF2C9-EDBE-4555-B24B-A9CC32143A83}.Debug|Any CPU.Deploy.0 = Debug|Any CPU
		{846BF2C9-EDBE-4555-B24B-A9CC32143A83}.Release|Any CPU.ActiveCfg = Release|Any CPU
		{846BF2C9-EDBE-4555-B24B-A9CC32143A83}.Release|Any CPU.Build.0 = Release|Any CPU
		{846BF2C9-EDBE-4555-B24B-A9CC32143A83}.Release|Any CPU.Deploy.0 = Release|Any CPU
	EndGlobalSection
	GlobalSection(SolutionProperties) = preSolution
		HideSolutionNode = FALSE
	EndGlobalSection
	GlobalSection(ExtensibilityGlobals) = postSolution
		SolutionGuid = {590562D9-658F-4FDC-B25E-BAC3220F2C69}
	EndGlobalSection
EndGlobal
